{
  "name": "npm-package-minimal-test",
  "version": "1.0.0",
  "lockfileVersion": 1,
  "requires": true,
  "dependencies": {
    "@briangershon/npm-package-minimal": {
      "version": "1.0.4",
      "resolved": "https://npm.pkg.github.com/download/@briangershon/npm-package-minimal/1.0.4/1d759b4285dcb0d01a6adbf3311008bc82264d0d05586f36844fd7e2ca56eadf",
      "integrity": "sha512-2miWEiAWf7z+eE6WnTTirx8xr3TTCgIvrs4DCKpM4KbjCTrUhvrhHMiskhrBsGXtg04GYjTA/XksJqIsViniZA=="
    }
  }
}
