{
  "name": "npm-package-minimal-test",
  "version": "2.0.0",
  "lockfileVersion": 1,
  "requires": true,
  "dependencies": {
    "@briangershon/npm-package-minimal": {
      "version": "2.0.0",
      "resolved": "https://npm.pkg.github.com/download/@briangershon/npm-package-minimal/2.0.0/b6bdb2d55ea82a69752fef3ca9cbeb9eb4c9d68df9d487b6f2a00182336d5638",
      "integrity": "sha512-b/TX8J4gM8Yc4vU8jEKpFVjTjWDjEqeEEeW1ZOZcUW9yNkbDXA8wnftPw6txlGQEYxQiMRKUHgAzPzf/aNJBfw=="
    }
  }
}
