{
  "name": "npm-package-minimal-test",
  "version": "2.0.0",
  "lockfileVersion": 1,
  "requires": true,
  "dependencies": {
    "@briangershon/npm-package-minimal": {
      "version": "3.0.1",
      "resolved": "https://npm.pkg.github.com/download/@briangershon/npm-package-minimal/3.0.1/c2385b566e1858ab596dbbcf25d3860ff5577a93a30aaa8f393271402f78ec9a",
      "integrity": "sha512-82drQXzSzpYqu+3Zn5qkOL/i25BGfGVEbsDEZjKyzZybPdVe+Eg2RWhtrC9e07z70ziQf49fywlqXSi3OEPKfg=="
    }
  }
}
